
Microsoft Visual Studio Solution File, Format Version 12.00
# Visual Studio 15
VisualStudioVersion = 15.0.27130.2027
MinimumVisualStudioVersion = 10.0.40219.1
Project("{FAE04EC0-301F-11D3-BF4B-00C04F79EFBC}") = "translate.web", "translate.web\translate.web.csproj", "{63A0A403-CE2E-46FB-933B-9D3F135BD9B4}"
EndProject
Global
	GlobalSection(SolutionConfigurationPlatforms) = preSolution
		Debug|Any CPU = Debug|Any CPU
		Release|Any CPU = Release|Any CPU
	EndGlobalSection
	GlobalSection(ProjectConfigurationPlatforms) = postSolution
		{63A0A403-CE2E-46FB-933B-9D3F135BD9B4}.Debug|Any CPU.ActiveCfg = Debug|Any CPU
		{63A0A403-CE2E-46FB-933B-9D3F135BD9B4}.Debug|Any CPU.Build.0 = Debug|Any CPU
		{63A0A403-CE2E-46FB-933B-9D3F135BD9B4}.Release|Any CPU.ActiveCfg = Release|Any CPU
		{63A0A403-CE2E-46FB-933B-9D3F135BD9B4}.Release|Any CPU.Build.0 = Release|Any CPU
	EndGlobalSection
	GlobalSection(SolutionProperties) = preSolution
		HideSolutionNode = FALSE
	EndGlobalSection
	GlobalSection(ExtensibilityGlobals) = postSolution
		SolutionGuid = {59F588C5-2EE4-467A-AF96-E9345FB386F0}
	EndGlobalSection
EndGlobal
